{
    "_readme": [
        "This file locks the dependencies of your project to a known state",
        "Read more about it at https://getcomposer.org/doc/01-basic-usage.md#installing-dependencies",
        "This file is @generated automatically"
    ],
    "content-hash": "ea5da54b5eaeebe996a3ffc688ad4d65",
    "packages": [
        {
            "name": "evenement/evenement",
            "version": "v2.0.0",
            "source": {
                "type": "git",
                "url": "https://github.com/igorw/evenement.git",
                "reference": "f6e843799fd4f4184d54d8fc7b5b3551c9fa803e"
            },
            "dist": {
                "type": "zip",
                "url": "https://api.github.com/repos/igorw/evenement/zipball/f6e843799fd4f4184d54d8fc7b5b3551c9fa803e",
                "reference": "f6e843799fd4f4184d54d8fc7b5b3551c9fa803e",
                "shasum": ""
            },
            "require": {
                "php": ">=5.4.0"
            },
            "type": "library",
            "extra": {
                "branch-alias": {
                    "dev-master": "2.0-dev"
                }
            },
            "autoload": {
                "psr-0": {
                    "Evenement": "src"
                }
            },
            "notification-url": "https://packagist.org/downloads/",
            "license": [
                "MIT"
            ],
            "authors": [
                {
                    "name": "Igor Wiedler",
                    "email": "igor@wiedler.ch",
                    "homepage": "http://wiedler.ch/igor/"
                }
            ],
            "description": "Événement is a very simple event dispatching library for PHP",
            "keywords": [
                "event-dispatcher",
                "event-emitter"
            ],
            "time": "2012-11-02T14:49:47+00:00"
        },
        {
            "name": "ninvfeng/mysql",
            "version": "1.0",
            "source": {
                "type": "git",
                "url": "https://github.com/ninvfeng/mysql.git",
                "reference": "e6bc7cec5ac9b4d76b80fbcdc3295c8eeffab3c5"
            },
            "dist": {
                "type": "zip",
                "url": "https://api.github.com/repos/ninvfeng/mysql/zipball/e6bc7cec5ac9b4d76b80fbcdc3295c8eeffab3c5",
                "reference": "e6bc7cec5ac9b4d76b80fbcdc3295c8eeffab3c5",
                "shasum": ""
            },
            "require": {
                "php": ">=7.0.0"
            },
            "type": "library",
            "autoload": {
                "psr-4": {
                    "ninvfeng\\mysql\\": "src/"
                }
            },
            "notification-url": "https://packagist.org/downloads/",
            "license": [
                "MIT"
            ],
            "authors": [
                {
                    "name": "ninvfeng",
                    "email": "ninvfeng@qq.com"
                }
            ],
            "description": "一个简单PDO mysql数据库操作类",
            "keywords": [
                "mysql",
                "php"
            ],
            "time": "2018-02-03T02:56:12+00:00"
        }
    ],
    "packages-dev": [],
    "aliases": [],
    "minimum-stability": "stable",
    "stability-flags": [],
    "prefer-stable": false,
    "prefer-lowest": false,
    "platform": {
        "php": ">=5.6.4"
    },
    "platform-dev": []
}
